
Microsoft Visual Studio Solution File, Format Version 12.00
# Visual Studio Version 17
VisualStudioVersion = 17.7.34221.43
MinimumVisualStudioVersion = 10.0.40219.1
Project("{8BC9CEB8-8B4A-11D0-8D11-00A0C91BC942}") = "TextureConverter", "TextureConverter.vcxproj", "{B58BB41C-6F21-4BD7-8A72-048D7049DFCD}"
EndProject
Project("{8BC9CEB8-8B4A-11D0-8D11-00A0C91BC942}") = "DirectXTex", "externals\DirectXTex\DirectXTex_Desktop_2022_Win10.vcxproj", "{371B9FA9-4C90-4AC6-A123-ACED756D6C77}"
EndProject
Global
	GlobalSection(SolutionConfigurationPlatforms) = preSolution
		Debug|ARM64 = Debug|ARM64
		Debug|x64 = Debug|x64
		Debug|x86 = Debug|x86
		Profile|ARM64 = Profile|ARM64
		Profile|x64 = Profile|x64
		Profile|x86 = Profile|x86
		Release|ARM64 = Release|ARM64
		Release|x64 = Release|x64
		Release|x86 = Release|x86
	EndGlobalSection
	GlobalSection(ProjectConfigurationPlatforms) = postSolution
		{B58BB41C-6F21-4BD7-8A72-048D7049DFCD}.Debug|ARM64.ActiveCfg = Debug|x64
		{B58BB41C-6F21-4BD7-8A72-048D7049DFCD}.Debug|ARM64.Build.0 = Debug|x64
		{B58BB41C-6F21-4BD7-8A72-048D7049DFCD}.Debug|x64.ActiveCfg = Debug|x64
		{B58BB41C-6F21-4BD7-8A72-048D7049DFCD}.Debug|x64.Build.0 = Debug|x64
		{B58BB41C-6F21-4BD7-8A72-048D7049DFCD}.Debug|x86.ActiveCfg = Debug|Win32
		{B58BB41C-6F21-4BD7-8A72-048D7049DFCD}.Debug|x86.Build.0 = Debug|Win32
		{B58BB41C-6F21-4BD7-8A72-048D7049DFCD}.Profile|ARM64.ActiveCfg = Release|x64
		{B58BB41C-6F21-4BD7-8A72-048D7049DFCD}.Profile|ARM64.Build.0 = Release|x64
		{B58BB41C-6F21-4BD7-8A72-048D7049DFCD}.Profile|x64.ActiveCfg = Release|x64
		{B58BB41C-6F21-4BD7-8A72-048D7049DFCD}.Profile|x64.Build.0 = Release|x64
		{B58BB41C-6F21-4BD7-8A72-048D7049DFCD}.Profile|x86.ActiveCfg = Debug|Win32
		{B58BB41C-6F21-4BD7-8A72-048D7049DFCD}.Profile|x86.Build.0 = Debug|Win32
		{B58BB41C-6F21-4BD7-8A72-048D7049DFCD}.Release|ARM64.ActiveCfg = Release|x64
		{B58BB41C-6F21-4BD7-8A72-048D7049DFCD}.Release|ARM64.Build.0 = Release|x64
		{B58BB41C-6F21-4BD7-8A72-048D7049DFCD}.Release|x64.ActiveCfg = Release|x64
		{B58BB41C-6F21-4BD7-8A72-048D7049DFCD}.Release|x64.Build.0 = Release|x64
		{B58BB41C-6F21-4BD7-8A72-048D7049DFCD}.Release|x86.ActiveCfg = Release|Win32
		{B58BB41C-6F21-4BD7-8A72-048D7049DFCD}.Release|x86.Build.0 = Release|Win32
		{371B9FA9-4C90-4AC6-A123-ACED756D6C77}.Debug|ARM64.ActiveCfg = Debug|ARM64
		{371B9FA9-4C90-4AC6-A123-ACED756D6C77}.Debug|ARM64.Build.0 = Debug|ARM64
		{371B9FA9-4C90-4AC6-A123-ACED756D6C77}.Debug|x64.ActiveCfg = Debug|x64
		{371B9FA9-4C90-4AC6-A123-ACED756D6C77}.Debug|x64.Build.0 = Debug|x64
		{371B9FA9-4C90-4AC6-A123-ACED756D6C77}.Debug|x86.ActiveCfg = Debug|Win32
		{371B9FA9-4C90-4AC6-A123-ACED756D6C77}.Debug|x86.Build.0 = Debug|Win32
		{371B9FA9-4C90-4AC6-A123-ACED756D6C77}.Profile|ARM64.ActiveCfg = Profile|ARM64
		{371B9FA9-4C90-4AC6-A123-ACED756D6C77}.Profile|ARM64.Build.0 = Profile|ARM64
		{371B9FA9-4C90-4AC6-A123-ACED756D6C77}.Profile|x64.ActiveCfg = Profile|x64
		{371B9FA9-4C90-4AC6-A123-ACED756D6C77}.Profile|x64.Build.0 = Profile|x64
		{371B9FA9-4C90-4AC6-A123-ACED756D6C77}.Profile|x86.ActiveCfg = Profile|Win32
		{371B9FA9-4C90-4AC6-A123-ACED756D6C77}.Profile|x86.Build.0 = Profile|Win32
		{371B9FA9-4C90-4AC6-A123-ACED756D6C77}.Release|ARM64.ActiveCfg = Release|ARM64
		{371B9FA9-4C90-4AC6-A123-ACED756D6C77}.Release|ARM64.Build.0 = Release|ARM64
		{371B9FA9-4C90-4AC6-A123-ACED756D6C77}.Release|x64.ActiveCfg = Release|x64
		{371B9FA9-4C90-4AC6-A123-ACED756D6C77}.Release|x64.Build.0 = Release|x64
		{371B9FA9-4C90-4AC6-A123-ACED756D6C77}.Release|x86.ActiveCfg = Release|Win32
		{371B9FA9-4C90-4AC6-A123-ACED756D6C77}.Release|x86.Build.0 = Release|Win32
	EndGlobalSection
	GlobalSection(SolutionProperties) = preSolution
		HideSolutionNode = FALSE
	EndGlobalSection
	GlobalSection(ExtensibilityGlobals) = postSolution
		SolutionGuid = {08148A16-E62E-4095-9C91-D4E5BAC5EB6F}
	EndGlobalSection
EndGlobal
